
Microsoft Visual Studio Solution File, Format Version 12.00
# Visual Studio Version 17
VisualStudioVersion = 17.13.35825.156 d17.13
MinimumVisualStudioVersion = 10.0.40219.1
Project("{FAE04EC0-301F-11D3-BF4B-00C04F79EFBC}") = "PmQL", "PmQL\PmQL.csproj", "{BC790F59-ACD2-4EA7-B963-15E972B333AE}"
EndProject
Global
	GlobalSection(SolutionConfigurationPlatforms) = preSolution
		Debug|Any CPU = Debug|Any CPU
		Release|Any CPU = Release|Any CPU
	EndGlobalSection
	GlobalSection(ProjectConfigurationPlatforms) = postSolution
		{BC790F59-ACD2-4EA7-B963-15E972B333AE}.Debug|Any CPU.ActiveCfg = Debug|Any CPU
		{BC790F59-ACD2-4EA7-B963-15E972B333AE}.Debug|Any CPU.Build.0 = Debug|Any CPU
		{BC790F59-ACD2-4EA7-B963-15E972B333AE}.Release|Any CPU.ActiveCfg = Release|Any CPU
		{BC790F59-ACD2-4EA7-B963-15E972B333AE}.Release|Any CPU.Build.0 = Release|Any CPU
	EndGlobalSection
	GlobalSection(SolutionProperties) = preSolution
		HideSolutionNode = FALSE
	EndGlobalSection
	GlobalSection(ExtensibilityGlobals) = postSolution
		SolutionGuid = {677E0F2E-0EED-446A-AB0B-1C70BF07F1C1}
	EndGlobalSection
EndGlobal
